
Microsoft Visual Studio Solution File, Format Version 12.00
# Visual Studio Version 17
VisualStudioVersion = 17.4.33205.214
MinimumVisualStudioVersion = 10.0.40219.1
Project("{FAE04EC0-301F-11D3-BF4B-00C04F79EFBC}") = "EmployeesDep", "EmployeesDep\EmployeesDep.csproj", "{42388B1F-362E-44A1-A9EC-8ACDAC8CFE7F}"
EndProject
Global
	GlobalSection(SolutionConfigurationPlatforms) = preSolution
		Debug|Any CPU = Debug|Any CPU
		Release|Any CPU = Release|Any CPU
	EndGlobalSection
	GlobalSection(ProjectConfigurationPlatforms) = postSolution
		{42388B1F-362E-44A1-A9EC-8ACDAC8CFE7F}.Debug|Any CPU.ActiveCfg = Debug|Any CPU
		{42388B1F-362E-44A1-A9EC-8ACDAC8CFE7F}.Debug|Any CPU.Build.0 = Debug|Any CPU
		{42388B1F-362E-44A1-A9EC-8ACDAC8CFE7F}.Release|Any CPU.ActiveCfg = Release|Any CPU
		{42388B1F-362E-44A1-A9EC-8ACDAC8CFE7F}.Release|Any CPU.Build.0 = Release|Any CPU
	EndGlobalSection
	GlobalSection(SolutionProperties) = preSolution
		HideSolutionNode = FALSE
	EndGlobalSection
	GlobalSection(ExtensibilityGlobals) = postSolution
		SolutionGuid = {4375335D-4117-4EA5-AE56-19FF35115726}
	EndGlobalSection
EndGlobal
